
Microsoft Visual Studio Solution File, Format Version 12.00
# Visual Studio Version 16
VisualStudioVersion = 16.0.30907.101
MinimumVisualStudioVersion = 10.0.40219.1
Project("{9A19103F-16F7-4668-BE54-9A1E7A4F7556}") = "KampIntro", "KampIntro\KampIntro.csproj", "{D887EE36-10FD-4D70-A285-AAEBBD4B13ED}"
EndProject
Project("{9A19103F-16F7-4668-BE54-9A1E7A4F7556}") = "Donguler", "Donguler\Donguler.csproj", "{28FD5167-D452-41EF-98E6-432991F7A78B}"
EndProject
Project("{9A19103F-16F7-4668-BE54-9A1E7A4F7556}") = "ClassIntro", "ClassIntro\ClassIntro.csproj", "{59684CCA-B6E5-4D6E-9B36-BEAC0AC9D122}"
EndProject
Project("{9A19103F-16F7-4668-BE54-9A1E7A4F7556}") = "Metotlar", "Metotlar\Metotlar.csproj", "{3B46EADB-CCAA-4985-8F88-C743ECE7B715}"
EndProject
Project("{9A19103F-16F7-4668-BE54-9A1E7A4F7556}") = "Matematik", "Matematik\Matematik.csproj", "{7D204796-F6FB-4CA6-BE42-BCF5260A3861}"
EndProject
Project("{9A19103F-16F7-4668-BE54-9A1E7A4F7556}") = "DegerVeReferansTipler", "DegerVeReferansTipler\DegerVeReferansTipler.csproj", "{7DA184D8-493F-48CC-A85A-2A46E4EB3A61}"
EndProject
Project("{FAE04EC0-301F-11D3-BF4B-00C04F79EFBC}") = "OOP1", "OOP1\OOP1.csproj", "{FB1FB18C-53C9-4D9D-96E9-EC399FC04A33}"
EndProject
Project("{FAE04EC0-301F-11D3-BF4B-00C04F79EFBC}") = "Koleksiyonlar", "Koleksiyonlar\Koleksiyonlar.csproj", "{D0AB1E7C-C25A-445B-A636-2912DA1203B2}"
EndProject
Project("{FAE04EC0-301F-11D3-BF4B-00C04F79EFBC}") = "GenericsIntro", "GenericsIntro\GenericsIntro.csproj", "{2CAA0AFE-D42E-4F35-B9DD-71F817D6D09E}"
EndProject
Global
	GlobalSection(SolutionConfigurationPlatforms) = preSolution
		Debug|Any CPU = Debug|Any CPU
		Release|Any CPU = Release|Any CPU
	EndGlobalSection
	GlobalSection(ProjectConfigurationPlatforms) = postSolution
		{D887EE36-10FD-4D70-A285-AAEBBD4B13ED}.Debug|Any CPU.ActiveCfg = Debug|Any CPU
		{D887EE36-10FD-4D70-A285-AAEBBD4B13ED}.Debug|Any CPU.Build.0 = Debug|Any CPU
		{D887EE36-10FD-4D70-A285-AAEBBD4B13ED}.Release|Any CPU.ActiveCfg = Release|Any CPU
		{D887EE36-10FD-4D70-A285-AAEBBD4B13ED}.Release|Any CPU.Build.0 = Release|Any CPU
		{28FD5167-D452-41EF-98E6-432991F7A78B}.Debug|Any CPU.ActiveCfg = Debug|Any CPU
		{28FD5167-D452-41EF-98E6-432991F7A78B}.Debug|Any CPU.Build.0 = Debug|Any CPU
		{28FD5167-D452-41EF-98E6-432991F7A78B}.Release|Any CPU.ActiveCfg = Release|Any CPU
		{28FD5167-D452-41EF-98E6-432991F7A78B}.Release|Any CPU.Build.0 = Release|Any CPU
		{59684CCA-B6E5-4D6E-9B36-BEAC0AC9D122}.Debug|Any CPU.ActiveCfg = Debug|Any CPU
		{59684CCA-B6E5-4D6E-9B36-BEAC0AC9D122}.Debug|Any CPU.Build.0 = Debug|Any CPU
		{59684CCA-B6E5-4D6E-9B36-BEAC0AC9D122}.Release|Any CPU.ActiveCfg = Release|Any CPU
		{59684CCA-B6E5-4D6E-9B36-BEAC0AC9D122}.Release|Any CPU.Build.0 = Release|Any CPU
		{3B46EADB-CCAA-4985-8F88-C743ECE7B715}.Debug|Any CPU.ActiveCfg = Debug|Any CPU
		{3B46EADB-CCAA-4985-8F88-C743ECE7B715}.Debug|Any CPU.Build.0 = Debug|Any CPU
		{3B46EADB-CCAA-4985-8F88-C743ECE7B715}.Release|Any CPU.ActiveCfg = Release|Any CPU
		{3B46EADB-CCAA-4985-8F88-C743ECE7B715}.Release|Any CPU.Build.0 = Release|Any CPU
		{7D204796-F6FB-4CA6-BE42-BCF5260A3861}.Debug|Any CPU.ActiveCfg = Debug|Any CPU
		{7D204796-F6FB-4CA6-BE42-BCF5260A3861}.Debug|Any CPU.Build.0 = Debug|Any CPU
		{7D204796-F6FB-4CA6-BE42-BCF5260A3861}.Release|Any CPU.ActiveCfg = Release|Any CPU
		{7D204796-F6FB-4CA6-BE42-BCF5260A3861}.Release|Any CPU.Build.0 = Release|Any CPU
		{7DA184D8-493F-48CC-A85A-2A46E4EB3A61}.Debug|Any CPU.ActiveCfg = Debug|Any CPU
		{7DA184D8-493F-48CC-A85A-2A46E4EB3A61}.Debug|Any CPU.Build.0 = Debug|Any CPU
		{7DA184D8-493F-48CC-A85A-2A46E4EB3A61}.Release|Any CPU.ActiveCfg = Release|Any CPU
		{7DA184D8-493F-48CC-A85A-2A46E4EB3A61}.Release|Any CPU.Build.0 = Release|Any CPU
		{FB1FB18C-53C9-4D9D-96E9-EC399FC04A33}.Debug|Any CPU.ActiveCfg = Debug|Any CPU
		{FB1FB18C-53C9-4D9D-96E9-EC399FC04A33}.Debug|Any CPU.Build.0 = Debug|Any CPU
		{FB1FB18C-53C9-4D9D-96E9-EC399FC04A33}.Release|Any CPU.ActiveCfg = Release|Any CPU
		{FB1FB18C-53C9-4D9D-96E9-EC399FC04A33}.Release|Any CPU.Build.0 = Release|Any CPU
		{D0AB1E7C-C25A-445B-A636-2912DA1203B2}.Debug|Any CPU.ActiveCfg = Debug|Any CPU
		{D0AB1E7C-C25A-445B-A636-2912DA1203B2}.Debug|Any CPU.Build.0 = Debug|Any CPU
		{D0AB1E7C-C25A-445B-A636-2912DA1203B2}.Release|Any CPU.ActiveCfg = Release|Any CPU
		{D0AB1E7C-C25A-445B-A636-2912DA1203B2}.Release|Any CPU.Build.0 = Release|Any CPU
		{2CAA0AFE-D42E-4F35-B9DD-71F817D6D09E}.Debug|Any CPU.ActiveCfg = Debug|Any CPU
		{2CAA0AFE-D42E-4F35-B9DD-71F817D6D09E}.Debug|Any CPU.Build.0 = Debug|Any CPU
		{2CAA0AFE-D42E-4F35-B9DD-71F817D6D09E}.Release|Any CPU.ActiveCfg = Release|Any CPU
		{2CAA0AFE-D42E-4F35-B9DD-71F817D6D09E}.Release|Any CPU.Build.0 = Release|Any CPU
	EndGlobalSection
	GlobalSection(SolutionProperties) = preSolution
		HideSolutionNode = FALSE
	EndGlobalSection
	GlobalSection(ExtensibilityGlobals) = postSolution
		SolutionGuid = {E9076795-ED0F-4A06-A880-5976C37C0F61}
	EndGlobalSection
EndGlobal
